
Microsoft Visual Studio Solution File, Format Version 12.00
# Visual Studio Version 17
VisualStudioVersion = 17.3.32929.385
MinimumVisualStudioVersion = 10.0.40219.1
Project("{9A19103F-16F7-4668-BE54-9A1E7A4F7556}") = "CodeForPresentations", "CodeForPresentations.csproj", "{C1FFA8AC-B262-4D9A-9763-B659B58F6B9F}"
EndProject
Project("{FAE04EC0-301F-11D3-BF4B-00C04F79EFBC}") = "BenchMark", "..\BenchMark\BenchMark.csproj", "{DF045616-857C-48F5-90C3-6755AB96B282}"
EndProject
Global
	GlobalSection(SolutionConfigurationPlatforms) = preSolution
		Debug|Any CPU = Debug|Any CPU
		Release|Any CPU = Release|Any CPU
	EndGlobalSection
	GlobalSection(ProjectConfigurationPlatforms) = postSolution
		{C1FFA8AC-B262-4D9A-9763-B659B58F6B9F}.Debug|Any CPU.ActiveCfg = Debug|Any CPU
		{C1FFA8AC-B262-4D9A-9763-B659B58F6B9F}.Debug|Any CPU.Build.0 = Debug|Any CPU
		{C1FFA8AC-B262-4D9A-9763-B659B58F6B9F}.Release|Any CPU.ActiveCfg = Release|Any CPU
		{C1FFA8AC-B262-4D9A-9763-B659B58F6B9F}.Release|Any CPU.Build.0 = Release|Any CPU
		{DF045616-857C-48F5-90C3-6755AB96B282}.Debug|Any CPU.ActiveCfg = Debug|Any CPU
		{DF045616-857C-48F5-90C3-6755AB96B282}.Debug|Any CPU.Build.0 = Debug|Any CPU
		{DF045616-857C-48F5-90C3-6755AB96B282}.Release|Any CPU.ActiveCfg = Release|Any CPU
		{DF045616-857C-48F5-90C3-6755AB96B282}.Release|Any CPU.Build.0 = Release|Any CPU
	EndGlobalSection
	GlobalSection(SolutionProperties) = preSolution
		HideSolutionNode = FALSE
	EndGlobalSection
	GlobalSection(ExtensibilityGlobals) = postSolution
		SolutionGuid = {A81A5678-0EF3-470C-BB50-31827B095139}
	EndGlobalSection
EndGlobal
